
Microsoft Visual Studio Solution File, Format Version 12.00
# Visual Studio Version 16
VisualStudioVersion = 16.0.31402.337
MinimumVisualStudioVersion = 10.0.40219.1
Project("{9A19103F-16F7-4668-BE54-9A1E7A4F7556}") = "ValidatingIBANApp", "ValidatingIBANApp\ValidatingIBANApp.csproj", "{84045344-2CD4-4497-9CB3-57D88CC99E69}"
EndProject
Project("{9A19103F-16F7-4668-BE54-9A1E7A4F7556}") = "Validating", "Validating\Validating.csproj", "{406174B1-2253-4D59-98F9-299E3A082C2A}"
EndProject
Global
	GlobalSection(SolutionConfigurationPlatforms) = preSolution
		Debug|Any CPU = Debug|Any CPU
		Release|Any CPU = Release|Any CPU
	EndGlobalSection
	GlobalSection(ProjectConfigurationPlatforms) = postSolution
		{84045344-2CD4-4497-9CB3-57D88CC99E69}.Debug|Any CPU.ActiveCfg = Debug|Any CPU
		{84045344-2CD4-4497-9CB3-57D88CC99E69}.Debug|Any CPU.Build.0 = Debug|Any CPU
		{84045344-2CD4-4497-9CB3-57D88CC99E69}.Release|Any CPU.ActiveCfg = Release|Any CPU
		{84045344-2CD4-4497-9CB3-57D88CC99E69}.Release|Any CPU.Build.0 = Release|Any CPU
		{406174B1-2253-4D59-98F9-299E3A082C2A}.Debug|Any CPU.ActiveCfg = Debug|Any CPU
		{406174B1-2253-4D59-98F9-299E3A082C2A}.Debug|Any CPU.Build.0 = Debug|Any CPU
		{406174B1-2253-4D59-98F9-299E3A082C2A}.Release|Any CPU.ActiveCfg = Release|Any CPU
		{406174B1-2253-4D59-98F9-299E3A082C2A}.Release|Any CPU.Build.0 = Release|Any CPU
	EndGlobalSection
	GlobalSection(SolutionProperties) = preSolution
		HideSolutionNode = FALSE
	EndGlobalSection
	GlobalSection(ExtensibilityGlobals) = postSolution
		SolutionGuid = {123E6948-3976-4E31-9452-9B2C9DD81FE0}
	EndGlobalSection
EndGlobal
